<?xml version="1.0" encoding="UTF-8" standalone="yes" ?>
<CodeBlocks_project_file>
	<FileVersion major="1" minor="6" />
	<Project>
		<Option title="Debug" />
		<Option pch_mode="2" />
		<Option compiler="ps-vita_compiler_for_arm" />
		<Build>
			<Target title="Debug">
				<Option output="bin/Debug/LemonWars" prefix_auto="1" extension_auto="1" />
				<Option object_output="obj/Debug/" />
				<Option type="1" />
				<Option compiler="ps-vita_compiler_for_arm" />
				<Compiler>
					<Add option="-g" />
					<Add directory="include" />
				</Compiler>
			</Target>
		</Build>
		<Compiler>
			<Add option="-std=c++11" />
			<Add option="-Wl,-q -Wall -fno-lto" />
			<Add directory="/home/vlad/libvita2d/libvita2d/include" />
		</Compiler>
		<Linker>
			<Add option="obj/missing.o" />
			<Add option="-Wl,-q -Wall -fno-lto" />
			<Add library="soloud" />
			<Add library="stdc++" />
			<Add library="pthread" />
			<Add library="vita2d" />
			<Add library="SceAudio_stub" />
			<Add library="SceDisplay_stub" />
			<Add library="SceGxm_stub" />
			<Add library="SceSysmodule_stub" />
			<Add library="SceCtrl_stub" />
			<Add library="ScePgf_stub" />
			<Add library="ScePvf_stub" />
			<Add library="SceCommonDialog_stub" />
			<Add library="SceTouch_stub" />
			<Add library="freetype" />
			<Add library="png" />
			<Add library="jpeg" />
			<Add library="z" />
			<Add library="m" />
			<Add library="c" />
			<Add library="SceAppMgr_stub" />
			<Add directory="/home/vlad/libvita2d/libvita2d/include" />
		</Linker>
		<ExtraCommands>
			<Add after="arm-vita-eabi-strip -g $(TARGET_OUTPUT_DIR)$(TARGET_OUTPUT_BASENAME)" />
			<Add after="vita-elf-create $(TARGET_OUTPUT_DIR)$(TARGET_OUTPUT_BASENAME) $(TARGET_OUTPUT_DIR)$(TARGET_OUTPUT_BASENAME).velf" />
			<Add after="vita-make-fself -s $(TARGET_OUTPUT_DIR)$(TARGET_OUTPUT_BASENAME).velf $(TARGET_OUTPUT_DIR)eboot.bin" />
			<Add after='vita-mksfoex -s TITLE_ID=&quot;ZNMS00003&quot; &quot;$(TARGET_OUTPUT_BASENAME)&quot; $(TARGET_OUTPUT_DIR)param.sfo' />
			<Add after="vita-pack-vpk -s $(TARGET_OUTPUT_DIR)param.sfo -b $(TARGET_OUTPUT_DIR)eboot.bin -a assets=assets -a sce_sys=sce_sys -a music.ogg=music.ogg -a Title_screen.png=Title_screen.png $(TARGET_OUTPUT_DIR)$(TARGET_OUTPUT_BASENAME).vpk" />
		</ExtraCommands>
		<Unit filename="include/Base_Init.h" />
		<Unit filename="include/Character.h" />
		<Unit filename="include/Common_Lemon.h" />
		<Unit filename="include/Entity.h" />
		<Unit filename="include/Game.h" />
		<Unit filename="include/GamePlayObj.h" />
		<Unit filename="include/Gamebooter.h" />
		<Unit filename="include/Letter.h" />
		<Unit filename="include/LevelMap.h" />
		<Unit filename="include/Line.h" />
		<Unit filename="include/LineEq.h" />
		<Unit filename="include/MemoryAI.h" />
		<Unit filename="include/Menu.h" />
		<Unit filename="include/MenuItem.h" />
		<Unit filename="include/NPC.h" />
		<Unit filename="include/NearestPoint.h" />
		<Unit filename="include/Pathfinder.h" />
		<Unit filename="include/Player.h" />
		<Unit filename="include/Point_float.h" />
		<Unit filename="include/Point_int.h" />
		<Unit filename="include/RNG.h" />
		<Unit filename="include/Rocket.h" />
		<Unit filename="include/Scanner.h" />
		<Unit filename="include/Scanner.ini" />
		<Unit filename="include/SpawnPoint.h" />
		<Unit filename="include/Sprite.h" />
		<Unit filename="include/Timer.h" />
		<Unit filename="include/Wallbuilder.h" />
		<Unit filename="main.cpp" />
		<Unit filename="src/Base_Init.cpp" />
		<Unit filename="src/Character.cpp" />
		<Unit filename="src/Common_Lemon.cpp" />
		<Unit filename="src/Entity.cpp" />
		<Unit filename="src/Game.cpp" />
		<Unit filename="src/GamePlayObj.cpp" />
		<Unit filename="src/Gamebooter.cpp" />
		<Unit filename="src/Letter.cpp" />
		<Unit filename="src/LevelMap.cpp" />
		<Unit filename="src/Levels.cpp" />
		<Unit filename="src/Line.cpp" />
		<Unit filename="src/LineEq.cpp" />
		<Unit filename="src/Menu.cpp" />
		<Unit filename="src/MenuItem.cpp" />
		<Unit filename="src/NPC.cpp" />
		<Unit filename="src/NearestPoint.cpp" />
		<Unit filename="src/Pathfinder.cpp" />
		<Unit filename="src/Player.cpp" />
		<Unit filename="src/RNG.cpp" />
		<Unit filename="src/Rocket.cpp" />
		<Unit filename="src/Scanner.cpp" />
		<Unit filename="src/SpawnPoint.cpp" />
		<Unit filename="src/Sprite.cpp" />
		<Unit filename="src/Timer.cpp" />
		<Unit filename="src/Wallbuilder.cpp" />
		<Extensions />
	</Project>
</CodeBlocks_project_file>
